{
	"name": "openscad-lightsaber-belt-clip",
	"lockfileVersion": 3,
	"requires": true,
	"packages": {
		"": {
			"name": "openscad-lightsaber-belt-clip",
			"dependencies": {
				"bezier": "git@github.com:jramey88/openscad-bezier-lib.git"
			}
		},
		"node_modules/bezier": {
			"name": "openscad-bezier-lib",
			"version": "1.0.0",
			"resolved": "git+ssh://git@github.com/jramey88/openscad-bezier-lib.git#b3685650628dcce82ac94907925f6cf1fec226d2"
		}
	}
}
