{
	"name": "openscad-lightsaber-belt-clip",
	"lockfileVersion": 3,
	"requires": true,
	"packages": {
		"": {
			"name": "openscad-lightsaber-belt-clip",
			"dependencies": {
				"bezier": "git@github.com:jramey88/openscad-bezier-lib.git",
				"is-wsl": "^3.1.0",
				"openscad-build-manager": "git@github.com:jramey88/openscad-build-manager.git",
				"tree-kill": "^1.2.2"
			}
		},
		"node_modules/bezier": {
			"name": "openscad-bezier-lib",
			"version": "1.0.0",
			"resolved": "git+ssh://git@github.com/jramey88/openscad-bezier-lib.git#b3685650628dcce82ac94907925f6cf1fec226d2"
		},
		"node_modules/is-docker": {
			"version": "3.0.0",
			"resolved": "https://registry.npmjs.org/is-docker/-/is-docker-3.0.0.tgz",
			"integrity": "sha512-eljcgEDlEns/7AXFosB5K/2nCM4P7FQPkGc/DWLy5rmFEWvZayGrik1d9/QIY5nJ4f9YsVvBkA6kJpHn9rISdQ==",
			"license": "MIT",
			"bin": {
				"is-docker": "cli.js"
			},
			"engines": {
				"node": "^12.20.0 || ^14.13.1 || >=16.0.0"
			},
			"funding": {
				"url": "https://github.com/sponsors/sindresorhus"
			}
		},
		"node_modules/is-inside-container": {
			"version": "1.0.0",
			"resolved": "https://registry.npmjs.org/is-inside-container/-/is-inside-container-1.0.0.tgz",
			"integrity": "sha512-KIYLCCJghfHZxqjYBE7rEy0OBuTd5xCHS7tHVgvCLkx7StIoaxwNW3hCALgEUjFfeRk+MG/Qxmp/vtETEF3tRA==",
			"license": "MIT",
			"dependencies": {
				"is-docker": "^3.0.0"
			},
			"bin": {
				"is-inside-container": "cli.js"
			},
			"engines": {
				"node": ">=14.16"
			},
			"funding": {
				"url": "https://github.com/sponsors/sindresorhus"
			}
		},
		"node_modules/is-wsl": {
			"version": "3.1.0",
			"resolved": "https://registry.npmjs.org/is-wsl/-/is-wsl-3.1.0.tgz",
			"integrity": "sha512-UcVfVfaK4Sc4m7X3dUSoHoozQGBEFeDC+zVo06t98xe8CzHSZZBekNXH+tu0NalHolcJ/QAGqS46Hef7QXBIMw==",
			"license": "MIT",
			"dependencies": {
				"is-inside-container": "^1.0.0"
			},
			"engines": {
				"node": ">=16"
			},
			"funding": {
				"url": "https://github.com/sponsors/sindresorhus"
			}
		},
		"node_modules/openscad-build-manager": {
			"version": "1.0.0",
			"resolved": "git+ssh://git@github.com/jramey88/openscad-build-manager.git#7d592d9d9d3d536f458cb09d7b3774d47ad9000f"
		},
		"node_modules/tree-kill": {
			"version": "1.2.2",
			"resolved": "https://registry.npmjs.org/tree-kill/-/tree-kill-1.2.2.tgz",
			"integrity": "sha512-L0Orpi8qGpRG//Nd+H90vFB+3iHnue1zSSGmNOOCh1GLJ7rUKVwV2HvijphGQS2UmhUZewS9VgvxYIdgr+fG1A==",
			"license": "MIT",
			"bin": {
				"tree-kill": "cli.js"
			}
		}
	}
}
